
Microsoft Visual Studio Solution File, Format Version 12.00
# Visual Studio Version 16
VisualStudioVersion = 16.0.34902.97
MinimumVisualStudioVersion = 10.0.40219.1
Project("{FAE04EC0-301F-11D3-BF4B-00C04F79EFBC}") = "crudDD", "crudDD\crudDD.csproj", "{879D42EA-EE2E-4147-ABC6-CB155E29B259}"
EndProject
Global
	GlobalSection(SolutionConfigurationPlatforms) = preSolution
		Debug|Any CPU = Debug|Any CPU
		Release|Any CPU = Release|Any CPU
	EndGlobalSection
	GlobalSection(ProjectConfigurationPlatforms) = postSolution
		{879D42EA-EE2E-4147-ABC6-CB155E29B259}.Debug|Any CPU.ActiveCfg = Debug|Any CPU
		{879D42EA-EE2E-4147-ABC6-CB155E29B259}.Debug|Any CPU.Build.0 = Debug|Any CPU
		{879D42EA-EE2E-4147-ABC6-CB155E29B259}.Release|Any CPU.ActiveCfg = Release|Any CPU
		{879D42EA-EE2E-4147-ABC6-CB155E29B259}.Release|Any CPU.Build.0 = Release|Any CPU
	EndGlobalSection
	GlobalSection(SolutionProperties) = preSolution
		HideSolutionNode = FALSE
	EndGlobalSection
	GlobalSection(ExtensibilityGlobals) = postSolution
		SolutionGuid = {4D48ADE6-82FB-4F4A-8E26-B2073FA21819}
	EndGlobalSection
EndGlobal
